{
  "name": "explorer",
  "version": "1.6.1",
  "lockfileVersion": 1,
  "requires": true,
  "dependencies": {
    "accepts": {
      "version": "1.0.1",
      "resolved": "https://registry.npmjs.org/accepts/-/accepts-1.0.1.tgz",
      "integrity": "sha1-weBtYT5iRrqHRnjW2bkjibfOMQw=",
      "requires": {
        "mime": "~1.2.11",
        "negotiator": "~0.4.0"
      }
    },
    "amdefine": {
      "version": "1.0.1",
      "resolved": "https://registry.npmjs.org/amdefine/-/amdefine-1.0.1.tgz",
      "integrity": "sha1-SlKCrBZHKek2Gbz9OtFR+BfOkfU="
    },
    "ansi-font": {
      "version": "0.0.2",
      "resolved": "https://registry.npmjs.org/ansi-font/-/ansi-font-0.0.2.tgz",
      "integrity": "sha1-iQMBvVhBRi/TnAt3Ca/R9SUUMzE="
    },
    "ansi-regex": {
      "version": "2.1.1",
      "resolved": "https://registry.npmjs.org/ansi-regex/-/ansi-regex-2.1.1.tgz",
      "integrity": "sha1-w7M6te42DYbg5ijwRorn7yfWVN8="
    },
    "ansi-styles": {
      "version": "2.2.1",
      "resolved": "https://registry.npmjs.org/ansi-styles/-/ansi-styles-2.2.1.tgz",
      "integrity": "sha1-tDLdM1i2NM914eRmQ2gkBTPB3b4="
    },
    "asn1": {
      "version": "0.2.4",
      "resolved": "https://registry.npmjs.org/asn1/-/asn1-0.2.4.tgz",
      "integrity": "sha512-jxwzQpLQjSmWXgwaCZE9Nz+glAG01yF1QnWgbhGwHI5A6FRIEY6IVqtHhIepHqI7/kyEyQEagBC5mBEFlIYvdg==",
      "requires": {
        "safer-buffer": "~2.1.0"
      }
    },
    "assert-plus": {
      "version": "0.2.0",
      "resolved": "https://registry.npmjs.org/assert-plus/-/assert-plus-0.2.0.tgz",
      "integrity": "sha1-104bh+ev/A24qttwIfP+SBAasjQ="
    },
    "async": {
      "version": "0.9.0",
      "resolved": "http://registry.npmjs.org/async/-/async-0.9.0.tgz",
      "integrity": "sha1-rDYTsdqb7RtHUQu0ZRuJMeRxRsc="
    },
    "aws-sign2": {
      "version": "0.6.0",
      "resolved": "https://registry.npmjs.org/aws-sign2/-/aws-sign2-0.6.0.tgz",
      "integrity": "sha1-FDQt0428yU0OW4fXY81jYSwOeU8="
    },
    "aws4": {
      "version": "1.8.0",
      "resolved": "https://registry.npmjs.org/aws4/-/aws4-1.8.0.tgz",
      "integrity": "sha512-ReZxvNHIOv88FlT7rxcXIIC0fPt4KZqZbOlivyWtXLt8ESx84zd3kMC6iK5jVeS2qt+g7ftS7ye4fi06X5rtRQ=="
    },
    "bcrypt-pbkdf": {
      "version": "1.0.2",
      "resolved": "https://registry.npmjs.org/bcrypt-pbkdf/-/bcrypt-pbkdf-1.0.2.tgz",
      "integrity": "sha1-pDAdOJtqQ/m2f/PKEaP2Y342Dp4=",
      "requires": {
        "tweetnacl": "^0.14.3"
      }
    },
    "bitcoin": {
      "version": "1.7.0",
      "resolved": "https://registry.npmjs.org/bitcoin/-/bitcoin-1.7.0.tgz",
      "integrity": "sha1-OeVzZG9NiBeYmODOhuNcs538afE=",
      "requires": {
        "deprecate": "~0.1.0"
      }
    },
    "bitcoin-node-api": {
      "version": "0.1.0",
      "resolved": "https://registry.npmjs.org/bitcoin-node-api/-/bitcoin-node-api-0.1.0.tgz",
      "integrity": "sha1-3r88cxzRAnckoI3ovTKMY2Tr6O4=",
      "requires": {
        "bitcoin": "1.7.0",
        "express": "3.3.x"
      },
      "dependencies": {
        "express": {
          "version": "3.3.8",
          "resolved": "http://registry.npmjs.org/express/-/express-3.3.8.tgz",
          "integrity": "sha1-jpisMNgfTJW4XXHSr2z4T2LvGb0=",
          "requires": {
            "buffer-crc32": "0.2.1",
            "commander": "1.2.0",
            "connect": "2.8.8",
            "cookie": "0.1.0",
            "cookie-signature": "1.0.1",
            "debug": "*",
            "fresh": "0.2.0",
            "methods": "0.0.1",
            "mkdirp": "0.3.5",
            "range-parser": "0.0.4",
            "send": "0.1.4"
          }
        }
      }
    },
    "bl": {
      "version": "1.1.2",
      "resolved": "http://registry.npmjs.org/bl/-/bl-1.1.2.tgz",
      "integrity": "sha1-/cqHGplxOqANGeO7ukHER4emU5g=",
      "requires": {
        "readable-stream": "~2.0.5"
      },
      "dependencies": {
        "isarray": {
          "version": "1.0.0",
          "resolved": "https://registry.npmjs.org/isarray/-/isarray-1.0.0.tgz",
          "integrity": "sha1-u5NdSFgsuhaMBoNJV6VKPgcSTxE="
        },
        "readable-stream": {
          "version": "2.0.6",
          "resolved": "http://registry.npmjs.org/readable-stream/-/readable-stream-2.0.6.tgz",
          "integrity": "sha1-j5A0HmilPMySh4jaz80Rs265t44=",
          "requires": {
            "core-util-is": "~1.0.0",
            "inherits": "~2.0.1",
            "isarray": "~1.0.0",
            "process-nextick-args": "~1.0.6",
            "string_decoder": "~0.10.x",
            "util-deprecate": "~1.0.1"
          }
        }
      }
    },
    "bluebird": {
      "version": "2.9.26",
      "resolved": "http://registry.npmjs.org/bluebird/-/bluebird-2.9.26.tgz",
      "integrity": "sha1-Nidy6k0J9VakufO2TC/RNuh+OlU="
    },
    "body-parser": {
      "version": "1.0.2",
      "resolved": "http://registry.npmjs.org/body-parser/-/body-parser-1.0.2.tgz",
      "integrity": "sha1-NGFHmjJ4/gD8rr7DMUu1T8T3tHw=",
      "requires": {
        "qs": "~0.6.6",
        "raw-body": "~1.1.2",
        "type-is": "~1.1.0"
      },
      "dependencies": {
        "qs": {
          "version": "0.6.6",
          "resolved": "https://registry.npmjs.org/qs/-/qs-0.6.6.tgz",
          "integrity": "sha1-bgFQmP9RlouKPIGQAdXyyJvEsQc="
        }
      }
    },
    "boom": {
      "version": "2.10.1",
      "resolved": "http://registry.npmjs.org/boom/-/boom-2.10.1.tgz",
      "integrity": "sha1-OciRjO/1eZ+D+UkqhI9iWt0Mdm8=",
      "requires": {
        "hoek": "2.x.x"
      }
    },
    "bson": {
      "version": "0.4.23",
      "resolved": "http://registry.npmjs.org/bson/-/bson-0.4.23.tgz",
      "integrity": "sha1-5louPHUH/63kEJvHV1p25Q+NqRU="
    },
    "buffer-crc32": {
      "version": "0.2.1",
      "resolved": "https://registry.npmjs.org/buffer-crc32/-/buffer-crc32-0.2.1.tgz",
      "integrity": "sha1-vj5TgvwCttYySVasGvmKqYsIU0w="
    },
    "bytes": {
      "version": "0.2.0",
      "resolved": "https://registry.npmjs.org/bytes/-/bytes-0.2.0.tgz",
      "integrity": "sha1-qtM+wU49wsp06OfUUfm6BTrU96A="
    },
    "camelcase": {
      "version": "1.2.1",
      "resolved": "https://registry.npmjs.org/camelcase/-/camelcase-1.2.1.tgz",
      "integrity": "sha1-m7UwTS4LVmmLLHWLCKPqqdqlijk="
    },
    "caseless": {
      "version": "0.11.0",
      "resolved": "https://registry.npmjs.org/caseless/-/caseless-0.11.0.tgz",
      "integrity": "sha1-cVuW6phBWTzDMGeSP17GDr2k99c="
    },
    "chalk": {
      "version": "1.1.3",
      "resolved": "http://registry.npmjs.org/chalk/-/chalk-1.1.3.tgz",
      "integrity": "sha1-qBFcVeSnAv5NFQq9OHKCKn4J/Jg=",
      "requires": {
        "ansi-styles": "^2.2.1",
        "escape-string-regexp": "^1.0.2",
        "has-ansi": "^2.0.0",
        "strip-ansi": "^3.0.0",
        "supports-color": "^2.0.0"
      }
    },
    "character-parser": {
      "version": "1.2.0",
      "resolved": "https://registry.npmjs.org/character-parser/-/character-parser-1.2.0.tgz",
      "integrity": "sha1-lBNNbl2HCjm+NZ99IkYJNRhN3vY="
    },
    "combined-stream": {
      "version": "1.0.7",
      "resolved": "https://registry.npmjs.org/combined-stream/-/combined-stream-1.0.7.tgz",
      "integrity": "sha512-brWl9y6vOB1xYPZcpZde3N9zDByXTosAeMDo4p1wzo6UMOX4vumB+TP1RZ76sfE6Md68Q0NJSrE/gbezd4Ul+w==",
      "requires": {
        "delayed-stream": "~1.0.0"
      }
    },
    "commander": {
      "version": "1.2.0",
      "resolved": "http://registry.npmjs.org/commander/-/commander-1.2.0.tgz",
      "integrity": "sha1-/VcTv6FTx9bMWZN4patMRcU1Ap4=",
      "requires": {
        "keypress": "0.1.x"
      }
    },
    "config": {
      "version": "3.0.0",
      "resolved": "https://registry.npmjs.org/config/-/config-3.0.0.tgz",
      "integrity": "sha512-QMr3BCOcHdgXx8t8cLfBhWtHcIAAMikaxUc2XASuH2A93g9kOIRch7sXFQdSvdMxhQobnctWm2y68YJYRttJlw==",
      "requires": {
        "json5": "^1.0.1"
      }
    },
    "connect": {
      "version": "2.8.8",
      "resolved": "https://registry.npmjs.org/connect/-/connect-2.8.8.tgz",
      "integrity": "sha1-uav4yvC9l3PLPeopNEEZhyWCRG0=",
      "requires": {
        "buffer-crc32": "0.2.1",
        "bytes": "0.2.0",
        "cookie": "0.1.0",
        "cookie-signature": "1.0.1",
        "debug": "*",
        "formidable": "1.0.14",
        "fresh": "0.2.0",
        "methods": "0.0.1",
        "pause": "0.0.1",
        "qs": "0.6.5",
        "send": "0.1.4",
        "uid2": "0.0.2"
      }
    },
    "constantinople": {
      "version": "2.0.1",
      "resolved": "https://registry.npmjs.org/constantinople/-/constantinople-2.0.1.tgz",
      "integrity": "sha1-WCn4VvMBqb2xB9k1932OuMzsTHk=",
      "requires": {
        "uglify-js": "~2.4.0"
      }
    },
    "cookie": {
      "version": "0.1.0",
      "resolved": "https://registry.npmjs.org/cookie/-/cookie-0.1.0.tgz",
      "integrity": "sha1-kOtGndzpBchm3mh+/EMTHYgB+dA="
    },
    "cookie-parser": {
      "version": "1.0.1",
      "resolved": "https://registry.npmjs.org/cookie-parser/-/cookie-parser-1.0.1.tgz",
      "integrity": "sha1-F71iLJcXzQhYqRKp/vTANiNgp7A=",
      "requires": {
        "cookie": "0.1.0",
        "cookie-signature": "1.0.3"
      },
      "dependencies": {
        "cookie-signature": {
          "version": "1.0.3",
          "resolved": "https://registry.npmjs.org/cookie-signature/-/cookie-signature-1.0.3.tgz",
          "integrity": "sha1-kc2ZfMUftkFZVzjGnNoCAyj1D/k="
        }
      }
    },
    "cookie-signature": {
      "version": "1.0.1",
      "resolved": "https://registry.npmjs.org/cookie-signature/-/cookie-signature-1.0.1.tgz",
      "integrity": "sha1-ROByFIrwHm6OJK+/EmkNaK5pjss="
    },
    "core-util-is": {
      "version": "1.0.2",
      "resolved": "https://registry.npmjs.org/core-util-is/-/core-util-is-1.0.2.tgz",
      "integrity": "sha1-tf1UIgqivFq1eqtxQMlAdUUDwac="
    },
    "cryptiles": {
      "version": "2.0.5",
      "resolved": "http://registry.npmjs.org/cryptiles/-/cryptiles-2.0.5.tgz",
      "integrity": "sha1-O9/s3GCBR8HGcgL6KR59ylnqo7g=",
      "requires": {
        "boom": "2.x.x"
      }
    },
    "css": {
      "version": "1.0.8",
      "resolved": "http://registry.npmjs.org/css/-/css-1.0.8.tgz",
      "integrity": "sha1-k4aBHKgrzMnuf7WnMrHioxfIo+c=",
      "requires": {
        "css-parse": "1.0.4",
        "css-stringify": "1.0.5"
      }
    },
    "css-parse": {
      "version": "1.0.4",
      "resolved": "https://registry.npmjs.org/css-parse/-/css-parse-1.0.4.tgz",
      "integrity": "sha1-OLBQP7+dqfVOnB29pg4UXHcRe90="
    },
    "css-stringify": {
      "version": "1.0.5",
      "resolved": "https://registry.npmjs.org/css-stringify/-/css-stringify-1.0.5.tgz",
      "integrity": "sha1-sNBClG2ylTu50pKQCmy19tASIDE="
    },
    "dashdash": {
      "version": "1.14.1",
      "resolved": "https://registry.npmjs.org/dashdash/-/dashdash-1.14.1.tgz",
      "integrity": "sha1-hTz6D3y+L+1d4gMmuN1YEDX24vA=",
      "requires": {
        "assert-plus": "^1.0.0"
      },
      "dependencies": {
        "assert-plus": {
          "version": "1.0.0",
          "resolved": "https://registry.npmjs.org/assert-plus/-/assert-plus-1.0.0.tgz",
          "integrity": "sha1-8S4PPF13sLHN2RRpQuTpbB5N1SU="
        }
      }
    },
    "debug": {
      "version": "0.7.4",
      "resolved": "http://registry.npmjs.org/debug/-/debug-0.7.4.tgz",
      "integrity": "sha1-BuHqgILCyxTjmAbiLi9vdX+Srzk="
    },
    "decamelize": {
      "version": "1.2.0",
      "resolved": "https://registry.npmjs.org/decamelize/-/decamelize-1.2.0.tgz",
      "integrity": "sha1-9lNNFRSCabIDUue+4m9QH5oZEpA="
    },
    "delayed-stream": {
      "version": "1.0.0",
      "resolved": "https://registry.npmjs.org/delayed-stream/-/delayed-stream-1.0.0.tgz",
      "integrity": "sha1-3zrhmayt+31ECqrgsp4icrJOxhk="
    },
    "deprecate": {
      "version": "0.1.0",
      "resolved": "http://registry.npmjs.org/deprecate/-/deprecate-0.1.0.tgz",
      "integrity": "sha1-xJBYYS3GyOUUXq/kg5uMLH0EHBQ="
    },
    "ecc-jsbn": {
      "version": "0.1.2",
      "resolved": "https://registry.npmjs.org/ecc-jsbn/-/ecc-jsbn-0.1.2.tgz",
      "integrity": "sha1-OoOpBOVDUyh4dMVkt1SThoSamMk=",
      "requires": {
        "jsbn": "~0.1.0",
        "safer-buffer": "^2.1.0"
      }
    },
    "es6-promise": {
      "version": "2.1.1",
      "resolved": "http://registry.npmjs.org/es6-promise/-/es6-promise-2.1.1.tgz",
      "integrity": "sha1-A+jzxyl5KOVHjWqx0GQyUVB73t0="
    },
    "escape-html": {
      "version": "1.0.1",
      "resolved": "https://registry.npmjs.org/escape-html/-/escape-html-1.0.1.tgz",
      "integrity": "sha1-GBoobq05ejmpKFfPsdQwUuNWv/A="
    },
    "escape-string-regexp": {
      "version": "1.0.5",
      "resolved": "https://registry.npmjs.org/escape-string-regexp/-/escape-string-regexp-1.0.5.tgz",
      "integrity": "sha1-G2HAViGQqN/2rjuyzwIAyhMLhtQ="
    },
    "express": {
      "version": "4.2.0",
      "resolved": "http://registry.npmjs.org/express/-/express-4.2.0.tgz",
      "integrity": "sha1-MSGZOkUSZpPov4l677TdeDdi3GA=",
      "requires": {
        "accepts": "1.0.1",
        "buffer-crc32": "0.2.1",
        "cookie": "0.1.2",
        "cookie-signature": "1.0.3",
        "debug": "0.8.1",
        "escape-html": "1.0.1",
        "fresh": "0.2.2",
        "merge-descriptors": "0.0.2",
        "methods": "1.0.0",
        "parseurl": "1.0.1",
        "path-to-regexp": "0.1.2",
        "qs": "0.6.6",
        "range-parser": "1.0.0",
        "send": "0.3.0",
        "serve-static": "1.1.0",
        "type-is": "1.1.0",
        "utils-merge": "1.0.0"
      },
      "dependencies": {
        "cookie": {
          "version": "0.1.2",
          "resolved": "https://registry.npmjs.org/cookie/-/cookie-0.1.2.tgz",
          "integrity": "sha1-cv7D0k5Io0Mgc9kMEmQgBQYQBLE="
        },
        "cookie-signature": {
          "version": "1.0.3",
          "resolved": "https://registry.npmjs.org/cookie-signature/-/cookie-signature-1.0.3.tgz",
          "integrity": "sha1-kc2ZfMUftkFZVzjGnNoCAyj1D/k="
        },
        "debug": {
          "version": "0.8.1",
          "resolved": "http://registry.npmjs.org/debug/-/debug-0.8.1.tgz",
          "integrity": "sha1-IP9NJvXkIstoobrLu2EDmtjBwTA="
        },
        "fresh": {
          "version": "0.2.2",
          "resolved": "https://registry.npmjs.org/fresh/-/fresh-0.2.2.tgz",
          "integrity": "sha1-lzHc9WeMf660T7kDxPct9VGH+nc="
        },
        "methods": {
          "version": "1.0.0",
          "resolved": "https://registry.npmjs.org/methods/-/methods-1.0.0.tgz",
          "integrity": "sha1-mnPYY3XfzvJu9hyj5Lii4lOKgOM="
        },
        "qs": {
          "version": "0.6.6",
          "resolved": "https://registry.npmjs.org/qs/-/qs-0.6.6.tgz",
          "integrity": "sha1-bgFQmP9RlouKPIGQAdXyyJvEsQc="
        },
        "range-parser": {
          "version": "1.0.0",
          "resolved": "https://registry.npmjs.org/range-parser/-/range-parser-1.0.0.tgz",
          "integrity": "sha1-pLJkz+C+XONqvjdlrJwqJIdG28A="
        },
        "send": {
          "version": "0.3.0",
          "resolved": "https://registry.npmjs.org/send/-/send-0.3.0.tgz",
          "integrity": "sha1-lxgyRjSAb8dbxPj15R9X2dZmBuc=",
          "requires": {
            "buffer-crc32": "0.2.1",
            "debug": "0.8.0",
            "fresh": "~0.2.1",
            "mime": "1.2.11",
            "range-parser": "~1.0.0"
          },
          "dependencies": {
            "debug": {
              "version": "0.8.0",
              "resolved": "http://registry.npmjs.org/debug/-/debug-0.8.0.tgz",
              "integrity": "sha1-BUHqkfDlA/3wxe7UGKMlUCNJZ/A="
            }
          }
        }
      }
    },
    "extend": {
      "version": "3.0.2",
      "resolved": "https://registry.npmjs.org/extend/-/extend-3.0.2.tgz",
      "integrity": "sha512-fjquC59cD7CyW6urNXK0FBufkZcoiGG80wTuPujX590cB5Ttln20E2UB4S/WARVqhXffZl2LNgS+gQdPIIim/g=="
    },
    "extsprintf": {
      "version": "1.3.0",
      "resolved": "https://registry.npmjs.org/extsprintf/-/extsprintf-1.3.0.tgz",
      "integrity": "sha1-lpGEQOMEGnpBT4xS48V06zw+HgU="
    },
    "forever-agent": {
      "version": "0.6.1",
      "resolved": "https://registry.npmjs.org/forever-agent/-/forever-agent-0.6.1.tgz",
      "integrity": "sha1-+8cfDEGt6zf5bFd60e1C2P2sypE="
    },
    "form-data": {
      "version": "1.0.1",
      "resolved": "http://registry.npmjs.org/form-data/-/form-data-1.0.1.tgz",
      "integrity": "sha1-rjFduaSQf6BlUCMEpm13M0de43w=",
      "requires": {
        "async": "^2.0.1",
        "combined-stream": "^1.0.5",
        "mime-types": "^2.1.11"
      },
      "dependencies": {
        "async": {
          "version": "2.6.1",
          "resolved": "https://registry.npmjs.org/async/-/async-2.6.1.tgz",
          "integrity": "sha512-fNEiL2+AZt6AlAw/29Cr0UDe4sRAHCpEHh54WMz+Bb7QfNcFw4h3loofyJpLeQs4Yx7yuqu/2dLgM5hKOs6HlQ==",
          "requires": {
            "lodash": "^4.17.10"
          }
        }
      }
    },
    "formidable": {
      "version": "1.0.14",
      "resolved": "https://registry.npmjs.org/formidable/-/formidable-1.0.14.tgz",
      "integrity": "sha1-Kz9MQRy7X91pXESEPiojUUpDIxo="
    },
    "fresh": {
      "version": "0.2.0",
      "resolved": "https://registry.npmjs.org/fresh/-/fresh-0.2.0.tgz",
      "integrity": "sha1-v9lALPPfEsSkwxDHn5mj3eE9NKc="
    },
    "generate-function": {
      "version": "2.3.1",
      "resolved": "https://registry.npmjs.org/generate-function/-/generate-function-2.3.1.tgz",
      "integrity": "sha512-eeB5GfMNeevm/GRYq20ShmsaGcmI81kIX2K9XQx5miC8KdHaC6Jm0qQ8ZNeGOi7wYB8OsdxKs+Y2oVuTFuVwKQ==",
      "requires": {
        "is-property": "^1.0.2"
      }
    },
    "generate-object-property": {
      "version": "1.2.0",
      "resolved": "https://registry.npmjs.org/generate-object-property/-/generate-object-property-1.2.0.tgz",
      "integrity": "sha1-nA4cQDCM6AT0eDYYuTf6iPmdUNA=",
      "requires": {
        "is-property": "^1.0.0"
      }
    },
    "getpass": {
      "version": "0.1.7",
      "resolved": "https://registry.npmjs.org/getpass/-/getpass-0.1.7.tgz",
      "integrity": "sha1-Xv+OPmhNVprkyysSgmBOi6YhSfo=",
      "requires": {
        "assert-plus": "^1.0.0"
      },
      "dependencies": {
        "assert-plus": {
          "version": "1.0.0",
          "resolved": "https://registry.npmjs.org/assert-plus/-/assert-plus-1.0.0.tgz",
          "integrity": "sha1-8S4PPF13sLHN2RRpQuTpbB5N1SU="
        }
      }
    },
    "glob": {
      "version": "3.2.11",
      "resolved": "https://registry.npmjs.org/glob/-/glob-3.2.11.tgz",
      "integrity": "sha1-Spc/Y1uRkPcV0QmH1cAP0oFevj0=",
      "dev": true,
      "requires": {
        "inherits": "2",
        "minimatch": "0.3"
      }
    },
    "har-validator": {
      "version": "2.0.6",
      "resolved": "http://registry.npmjs.org/har-validator/-/har-validator-2.0.6.tgz",
      "integrity": "sha1-zcvAgYgmWtEZtqWnyKtw7s+10n0=",
      "requires": {
        "chalk": "^1.1.1",
        "commander": "^2.9.0",
        "is-my-json-valid": "^2.12.4",
        "pinkie-promise": "^2.0.0"
      },
      "dependencies": {
        "commander": {
          "version": "2.19.0",
          "resolved": "https://registry.npmjs.org/commander/-/commander-2.19.0.tgz",
          "integrity": "sha512-6tvAOO+D6OENvRAh524Dh9jcfKTYDQAqvqezbCW82xj5X0pSrcpxtvRKHLG0yBY6SD7PSDrJaj+0AiOcKVd1Xg=="
        }
      }
    },
    "has-ansi": {
      "version": "2.0.0",
      "resolved": "https://registry.npmjs.org/has-ansi/-/has-ansi-2.0.0.tgz",
      "integrity": "sha1-NPUEnOHs3ysGSa8+8k5F7TVBbZE=",
      "requires": {
        "ansi-regex": "^2.0.0"
      }
    },
    "hawk": {
      "version": "3.1.3",
      "resolved": "http://registry.npmjs.org/hawk/-/hawk-3.1.3.tgz",
      "integrity": "sha1-B4REvXwWQLD+VA0sm3PVlnjo4cQ=",
      "requires": {
        "boom": "2.x.x",
        "cryptiles": "2.x.x",
        "hoek": "2.x.x",
        "sntp": "1.x.x"
      }
    },
    "hoek": {
      "version": "2.16.3",
      "resolved": "http://registry.npmjs.org/hoek/-/hoek-2.16.3.tgz",
      "integrity": "sha1-ILt0A9POo5jpHcRxCo/xuCdKJe0="
    },
    "hooks-fixed": {
      "version": "1.1.0",
      "resolved": "https://registry.npmjs.org/hooks-fixed/-/hooks-fixed-1.1.0.tgz",
      "integrity": "sha1-DowVM2cI5mERhf45C0RofdUjDbs="
    },
    "http-signature": {
      "version": "1.1.1",
      "resolved": "https://registry.npmjs.org/http-signature/-/http-signature-1.1.1.tgz",
      "integrity": "sha1-33LiZwZs0Kxn+3at+OE0qPvPkb8=",
      "requires": {
        "assert-plus": "^0.2.0",
        "jsprim": "^1.2.2",
        "sshpk": "^1.7.0"
      }
    },
    "inherits": {
      "version": "2.0.3",
      "resolved": "https://registry.npmjs.org/inherits/-/inherits-2.0.3.tgz",
      "integrity": "sha1-Yzwsg+PaQqUC9SRmAiSA9CCCYd4="
    },
    "is-my-ip-valid": {
      "version": "1.0.0",
      "resolved": "https://registry.npmjs.org/is-my-ip-valid/-/is-my-ip-valid-1.0.0.tgz",
      "integrity": "sha512-gmh/eWXROncUzRnIa1Ubrt5b8ep/MGSnfAUI3aRp+sqTCs1tv1Isl8d8F6JmkN3dXKc3ehZMrtiPN9eL03NuaQ=="
    },
    "is-my-json-valid": {
      "version": "2.19.0",
      "resolved": "https://registry.npmjs.org/is-my-json-valid/-/is-my-json-valid-2.19.0.tgz",
      "integrity": "sha512-mG0f/unGX1HZ5ep4uhRaPOS8EkAY8/j6mDRMJrutq4CqhoJWYp7qAlonIPy3TV7p3ju4TK9fo/PbnoksWmsp5Q==",
      "requires": {
        "generate-function": "^2.0.0",
        "generate-object-property": "^1.1.0",
        "is-my-ip-valid": "^1.0.0",
        "jsonpointer": "^4.0.0",
        "xtend": "^4.0.0"
      }
    },
    "is-promise": {
      "version": "1.0.1",
      "resolved": "https://registry.npmjs.org/is-promise/-/is-promise-1.0.1.tgz",
      "integrity": "sha1-MVc3YcBX4zwukaq56W2gjO++duU="
    },
    "is-property": {
      "version": "1.0.2",
      "resolved": "https://registry.npmjs.org/is-property/-/is-property-1.0.2.tgz",
      "integrity": "sha1-V/4cTkhHTt1lsJkR8msc1Ald2oQ="
    },
    "is-typedarray": {
      "version": "1.0.0",
      "resolved": "https://registry.npmjs.org/is-typedarray/-/is-typedarray-1.0.0.tgz",
      "integrity": "sha1-5HnICFjfDBsR3dppQPlgEfzaSpo="
    },
    "isarray": {
      "version": "0.0.1",
      "resolved": "https://registry.npmjs.org/isarray/-/isarray-0.0.1.tgz",
      "integrity": "sha1-ihis/Kmo9Bd+Cav8YDiTmwXR7t8="
    },
    "isstream": {
      "version": "0.1.2",
      "resolved": "https://registry.npmjs.org/isstream/-/isstream-0.1.2.tgz",
      "integrity": "sha1-R+Y/evVa+m+S4VAOaQ64uFKcCZo="
    },
    "jade": {
      "version": "1.3.1",
      "resolved": "https://registry.npmjs.org/jade/-/jade-1.3.1.tgz",
      "integrity": "sha1-dIPYSLhxTcUKQNqYsECXkLN0IWs=",
      "requires": {
        "character-parser": "1.2.0",
        "commander": "2.1.0",
        "constantinople": "~2.0.0",
        "mkdirp": "~0.3.5",
        "monocle": "1.1.51",
        "transformers": "2.1.0",
        "with": "~3.0.0"
      },
      "dependencies": {
        "commander": {
          "version": "2.1.0",
          "resolved": "http://registry.npmjs.org/commander/-/commander-2.1.0.tgz",
          "integrity": "sha1-0SG7roYNmZKj1Re6lvVliOR8Z4E="
        }
      }
    },
    "jasmine": {
      "version": "2.1.1",
      "resolved": "http://registry.npmjs.org/jasmine/-/jasmine-2.1.1.tgz",
      "integrity": "sha1-nbixfVTHowJm/q86AV8ygSy4F0g=",
      "dev": true,
      "requires": {
        "glob": "^3.2.11",
        "jasmine-core": "~2.1.0"
      }
    },
    "jasmine-core": {
      "version": "2.1.3",
      "resolved": "http://registry.npmjs.org/jasmine-core/-/jasmine-core-2.1.3.tgz",
      "integrity": "sha1-g8RGeiJQV44Z6RbPiiQEqMmEGzk=",
      "dev": true
    },
    "jsbn": {
      "version": "0.1.1",
      "resolved": "https://registry.npmjs.org/jsbn/-/jsbn-0.1.1.tgz",
      "integrity": "sha1-peZUwuWi3rXyAdls77yoDA7y9RM="
    },
    "json-schema": {
      "version": "0.2.3",
      "resolved": "https://registry.npmjs.org/json-schema/-/json-schema-0.2.3.tgz",
      "integrity": "sha1-tIDIkuWaLwWVTOcnvT8qTogvnhM="
    },
    "json-stringify-safe": {
      "version": "5.0.1",
      "resolved": "https://registry.npmjs.org/json-stringify-safe/-/json-stringify-safe-5.0.1.tgz",
      "integrity": "sha1-Epai1Y/UXxmg9s4B1lcB4sc1tus="
    },
    "json5": {
      "version": "1.0.1",
      "resolved": "http://registry.npmjs.org/json5/-/json5-1.0.1.tgz",
      "integrity": "sha512-aKS4WQjPenRxiQsC93MNfjx+nbF4PAdYzmd/1JIj8HYzqfbu86beTuNgXDzPknWk0n0uARlyewZo4s++ES36Ow==",
      "requires": {
        "minimist": "^1.2.0"
      }
    },
    "jsonminify": {
      "version": "0.2.3",
      "resolved": "https://registry.npmjs.org/jsonminify/-/jsonminify-0.2.3.tgz",
      "integrity": "sha1-S4Qsij/l1qpIsvj5Whz5qAwBnY4="
    },
    "jsonpointer": {
      "version": "4.0.1",
      "resolved": "https://registry.npmjs.org/jsonpointer/-/jsonpointer-4.0.1.tgz",
      "integrity": "sha1-T9kss04OnbPInIYi7PUfm5eMbLk="
    },
    "jsprim": {
      "version": "1.4.1",
      "resolved": "https://registry.npmjs.org/jsprim/-/jsprim-1.4.1.tgz",
      "integrity": "sha1-MT5mvB5cwG5Di8G3SZwuXFastqI=",
      "requires": {
        "assert-plus": "1.0.0",
        "extsprintf": "1.3.0",
        "json-schema": "0.2.3",
        "verror": "1.10.0"
      },
      "dependencies": {
        "assert-plus": {
          "version": "1.0.0",
          "resolved": "https://registry.npmjs.org/assert-plus/-/assert-plus-1.0.0.tgz",
          "integrity": "sha1-8S4PPF13sLHN2RRpQuTpbB5N1SU="
        }
      }
    },
    "kareem": {
      "version": "1.0.1",
      "resolved": "http://registry.npmjs.org/kareem/-/kareem-1.0.1.tgz",
      "integrity": "sha1-eAXSFbtTIU7Dr5aaHQsfF+PnuVw="
    },
    "kerberos": {
      "version": "0.0.24",
      "resolved": "https://registry.npmjs.org/kerberos/-/kerberos-0.0.24.tgz",
      "integrity": "sha512-QO6bFq9eETHB5zcA0OJiQtw137TH45OuUcGtI+QGg2ZJQIPCvwXL2kjCqZZMColcIdbPhj4X40EY5f3oOiBfiw==",
      "optional": true,
      "requires": {
        "nan": "~2.10.0"
      }
    },
    "keypress": {
      "version": "0.1.0",
      "resolved": "https://registry.npmjs.org/keypress/-/keypress-0.1.0.tgz",
      "integrity": "sha1-SjGI1CkbZrT2XtuZ+AaqmuKTWSo="
    },
    "lodash": {
      "version": "4.17.11",
      "resolved": "https://registry.npmjs.org/lodash/-/lodash-4.17.11.tgz",
      "integrity": "sha512-cQKh8igo5QUhZ7lg38DYWAxMvjSAKG0A8wGSVimP07SIUEK2UO+arSRKbRZWtelMtN5V0Hkwh5ryOto/SshYIg=="
    },
    "lru-cache": {
      "version": "2.7.3",
      "resolved": "http://registry.npmjs.org/lru-cache/-/lru-cache-2.7.3.tgz",
      "integrity": "sha1-bUUk6LlV+V1PW1iFHOId1y+06VI="
    },
    "markdown-js": {
      "version": "0.0.3",
      "resolved": "https://registry.npmjs.org/markdown-js/-/markdown-js-0.0.3.tgz",
      "integrity": "sha1-QW/J5K+2UPLMAr+f+wMOjNSHeT4=",
      "requires": {
        "test": ">=0.0.5"
      }
    },
    "merge-descriptors": {
      "version": "0.0.2",
      "resolved": "https://registry.npmjs.org/merge-descriptors/-/merge-descriptors-0.0.2.tgz",
      "integrity": "sha1-w2pSp4FDdRPFcnXzndnTF1FKyMc="
    },
    "methods": {
      "version": "0.0.1",
      "resolved": "https://registry.npmjs.org/methods/-/methods-0.0.1.tgz",
      "integrity": "sha1-J3yQ+L7zlwlkWoNxxRw7bGSOBow="
    },
    "mime": {
      "version": "1.2.11",
      "resolved": "https://registry.npmjs.org/mime/-/mime-1.2.11.tgz",
      "integrity": "sha1-WCA+7Ybjpe8XrtK32evUfwpg3RA="
    },
    "mime-db": {
      "version": "1.37.0",
      "resolved": "https://registry.npmjs.org/mime-db/-/mime-db-1.37.0.tgz",
      "integrity": "sha512-R3C4db6bgQhlIhPU48fUtdVmKnflq+hRdad7IyKhtFj06VPNVdk2RhiYL3UjQIlso8L+YxAtFkobT0VK+S/ybg=="
    },
    "mime-types": {
      "version": "2.1.21",
      "resolved": "https://registry.npmjs.org/mime-types/-/mime-types-2.1.21.tgz",
      "integrity": "sha512-3iL6DbwpyLzjR3xHSFNFeb9Nz/M8WDkX33t1GFQnFOllWk8pOrh/LSrB5OXlnlW5P9LH73X6loW/eogc+F5lJg==",
      "requires": {
        "mime-db": "~1.37.0"
      }
    },
    "minimatch": {
      "version": "0.3.0",
      "resolved": "https://registry.npmjs.org/minimatch/-/minimatch-0.3.0.tgz",
      "integrity": "sha1-J12O2qxPG7MyZHIInnlJyDlGmd0=",
      "requires": {
        "lru-cache": "2",
        "sigmund": "~1.0.0"
      }
    },
    "minimist": {
      "version": "1.2.0",
      "resolved": "http://registry.npmjs.org/minimist/-/minimist-1.2.0.tgz",
      "integrity": "sha1-o1AIsg9BOD7sH7kU9M1d95omQoQ="
    },
    "mkdirp": {
      "version": "0.3.5",
      "resolved": "http://registry.npmjs.org/mkdirp/-/mkdirp-0.3.5.tgz",
      "integrity": "sha1-3j5fiWHIjHh+4TaN+EmsRBPsqNc="
    },
    "mongodb": {
      "version": "2.0.45",
      "resolved": "http://registry.npmjs.org/mongodb/-/mongodb-2.0.45.tgz",
      "integrity": "sha1-xj1CuRjxmlOzLUxkBD9qn2bJq6U=",
      "requires": {
        "es6-promise": "2.1.1",
        "mongodb-core": "1.2.14",
        "readable-stream": "1.0.31"
      }
    },
    "mongodb-core": {
      "version": "1.2.14",
      "resolved": "http://registry.npmjs.org/mongodb-core/-/mongodb-core-1.2.14.tgz",
      "integrity": "sha1-DxOTd4tx8eK4Yij9Fg7JrVqM2aM=",
      "requires": {
        "bson": "~0.4",
        "kerberos": "~0.0"
      }
    },
    "mongoose": {
      "version": "4.1.10",
      "resolved": "http://registry.npmjs.org/mongoose/-/mongoose-4.1.10.tgz",
      "integrity": "sha1-ryQEcw3gRCKCjWWzT8ib6g6PnNA=",
      "requires": {
        "async": "0.9.0",
        "bson": "~0.4",
        "hooks-fixed": "1.1.0",
        "kareem": "1.0.1",
        "mongodb": "2.0.42",
        "mpath": "0.1.1",
        "mpromise": "0.5.4",
        "mquery": "1.6.3",
        "ms": "0.1.0",
        "muri": "1.0.0",
        "regexp-clone": "0.0.1",
        "sliced": "0.0.5"
      },
      "dependencies": {
        "mongodb": {
          "version": "2.0.42",
          "resolved": "http://registry.npmjs.org/mongodb/-/mongodb-2.0.42.tgz",
          "integrity": "sha1-G614E9ByXOLjvVQYDzH67dJNnlM=",
          "requires": {
            "es6-promise": "2.1.1",
            "mongodb-core": "1.2.10",
            "readable-stream": "1.0.31"
          }
        },
        "mongodb-core": {
          "version": "1.2.10",
          "resolved": "http://registry.npmjs.org/mongodb-core/-/mongodb-core-1.2.10.tgz",
          "integrity": "sha1-7OFyAb05WmR/uY9Ivo+64Vvgr9k=",
          "requires": {
            "bson": "~0.4",
            "kerberos": "~0.0"
          }
        },
        "ms": {
          "version": "0.1.0",
          "resolved": "http://registry.npmjs.org/ms/-/ms-0.1.0.tgz",
          "integrity": "sha1-8h+sSQ2vHXZn/RgP6QdzicyUQrI="
        }
      }
    },
    "monocle": {
      "version": "1.1.51",
      "resolved": "https://registry.npmjs.org/monocle/-/monocle-1.1.51.tgz",
      "integrity": "sha1-Iu0W4RLpsFZ2nFzKySDjdSSdicA=",
      "requires": {
        "readdirp": "~0.2.3"
      }
    },
    "morgan": {
      "version": "1.0.1",
      "resolved": "http://registry.npmjs.org/morgan/-/morgan-1.0.1.tgz",
      "integrity": "sha1-glCl1xHeYlRTAilFNE1NZ2JjDGQ=",
      "requires": {
        "bytes": "0.3.0"
      },
      "dependencies": {
        "bytes": {
          "version": "0.3.0",
          "resolved": "https://registry.npmjs.org/bytes/-/bytes-0.3.0.tgz",
          "integrity": "sha1-eOLg4ox/nHuYjqiu4NtNX6mUGTU="
        }
      }
    },
    "mpath": {
      "version": "0.1.1",
      "resolved": "http://registry.npmjs.org/mpath/-/mpath-0.1.1.tgz",
      "integrity": "sha1-I9qFK3wjLuCX9HWdKcDunNItXkY="
    },
    "mpromise": {
      "version": "0.5.4",
      "resolved": "https://registry.npmjs.org/mpromise/-/mpromise-0.5.4.tgz",
      "integrity": "sha1-thBhPsbeN0GflEs18Hg7Ten13HU="
    },
    "mquery": {
      "version": "1.6.3",
      "resolved": "https://registry.npmjs.org/mquery/-/mquery-1.6.3.tgz",
      "integrity": "sha1-fAK/t+ScgBLOzhVWxeZf72HzyOU=",
      "requires": {
        "bluebird": "2.9.26",
        "debug": "2.2.0",
        "regexp-clone": "0.0.1",
        "sliced": "0.0.5"
      },
      "dependencies": {
        "debug": {
          "version": "2.2.0",
          "resolved": "http://registry.npmjs.org/debug/-/debug-2.2.0.tgz",
          "integrity": "sha1-+HBX6ZWxofauaklgZkE3vFbwOdo=",
          "requires": {
            "ms": "0.7.1"
          }
        },
        "ms": {
          "version": "0.7.1",
          "resolved": "http://registry.npmjs.org/ms/-/ms-0.7.1.tgz",
          "integrity": "sha1-nNE8A62/8ltl7/3nzoZO6VIBcJg="
        }
      }
    },
    "muri": {
      "version": "1.0.0",
      "resolved": "https://registry.npmjs.org/muri/-/muri-1.0.0.tgz",
      "integrity": "sha1-3jv2vXHWfq5x12aJuVDS3hGGlcY="
    },
    "nan": {
      "version": "2.10.0",
      "resolved": "http://registry.npmjs.org/nan/-/nan-2.10.0.tgz",
      "integrity": "sha512-bAdJv7fBLhWC+/Bls0Oza+mvTaNQtP+1RyhhhvD95pgUJz6XM5IzgmxOkItJ9tkoCiplvAnXI1tNmmUD/eScyA==",
      "optional": true
    },
    "negotiator": {
      "version": "0.4.9",
      "resolved": "https://registry.npmjs.org/negotiator/-/negotiator-0.4.9.tgz",
      "integrity": "sha1-kuRrbbU8fkIe1koryU8IvnYw3z8="
    },
    "node-uuid": {
      "version": "1.4.8",
      "resolved": "https://registry.npmjs.org/node-uuid/-/node-uuid-1.4.8.tgz",
      "integrity": "sha1-sEDrCSOWivq/jTL7HxfxFn/auQc="
    },
    "oauth-sign": {
      "version": "0.8.2",
      "resolved": "https://registry.npmjs.org/oauth-sign/-/oauth-sign-0.8.2.tgz",
      "integrity": "sha1-Rqarfwrq2N6unsBWV4C31O/rnUM="
    },
    "optimist": {
      "version": "0.3.7",
      "resolved": "https://registry.npmjs.org/optimist/-/optimist-0.3.7.tgz",
      "integrity": "sha1-yQlBrVnkJzMokjB00s8ufLxuwNk=",
      "requires": {
        "wordwrap": "~0.0.2"
      }
    },
    "parseurl": {
      "version": "1.0.1",
      "resolved": "https://registry.npmjs.org/parseurl/-/parseurl-1.0.1.tgz",
      "integrity": "sha1-Llfc5u/dN8NRhwEDCUTCK/OIt7Q="
    },
    "path-to-regexp": {
      "version": "0.1.2",
      "resolved": "https://registry.npmjs.org/path-to-regexp/-/path-to-regexp-0.1.2.tgz",
      "integrity": "sha1-mysVH5zDAYye6lDKlXKeBXgXErQ="
    },
    "pause": {
      "version": "0.0.1",
      "resolved": "https://registry.npmjs.org/pause/-/pause-0.0.1.tgz",
      "integrity": "sha1-HUCLP9t2kjuVQ9lvtMnf1TXZy10="
    },
    "pinkie": {
      "version": "2.0.4",
      "resolved": "https://registry.npmjs.org/pinkie/-/pinkie-2.0.4.tgz",
      "integrity": "sha1-clVrgM+g1IqXToDnckjoDtT3+HA="
    },
    "pinkie-promise": {
      "version": "2.0.1",
      "resolved": "https://registry.npmjs.org/pinkie-promise/-/pinkie-promise-2.0.1.tgz",
      "integrity": "sha1-ITXW36ejWMBprJsXh3YogihFD/o=",
      "requires": {
        "pinkie": "^2.0.0"
      }
    },
    "process-nextick-args": {
      "version": "1.0.7",
      "resolved": "https://registry.npmjs.org/process-nextick-args/-/process-nextick-args-1.0.7.tgz",
      "integrity": "sha1-FQ4gt1ZZCtP5EJPyWk8q2L/zC6M="
    },
    "promise": {
      "version": "2.0.0",
      "resolved": "http://registry.npmjs.org/promise/-/promise-2.0.0.tgz",
      "integrity": "sha1-RmSKqdYFr10ucMMCS/WUNtoCuA4=",
      "requires": {
        "is-promise": "~1"
      }
    },
    "punycode": {
      "version": "1.4.1",
      "resolved": "https://registry.npmjs.org/punycode/-/punycode-1.4.1.tgz",
      "integrity": "sha1-wNWmOycYgArY4esPpSachN1BhF4="
    },
    "qr-image": {
      "version": "2.0.0",
      "resolved": "https://registry.npmjs.org/qr-image/-/qr-image-2.0.0.tgz",
      "integrity": "sha1-984WQaxdwZUExBqGnfHEuCfXjg0="
    },
    "qs": {
      "version": "0.6.5",
      "resolved": "https://registry.npmjs.org/qs/-/qs-0.6.5.tgz",
      "integrity": "sha1-KUsmjksNQlD23eGbO4s0k13/FO8="
    },
    "range-parser": {
      "version": "0.0.4",
      "resolved": "https://registry.npmjs.org/range-parser/-/range-parser-0.0.4.tgz",
      "integrity": "sha1-wEJ//vUcEKy6B4KkbJYC50T/Ygs="
    },
    "raw-body": {
      "version": "1.1.7",
      "resolved": "https://registry.npmjs.org/raw-body/-/raw-body-1.1.7.tgz",
      "integrity": "sha1-HQJ8K/oRasxmI7yo8AAWVyqH1CU=",
      "requires": {
        "bytes": "1",
        "string_decoder": "0.10"
      },
      "dependencies": {
        "bytes": {
          "version": "1.0.0",
          "resolved": "https://registry.npmjs.org/bytes/-/bytes-1.0.0.tgz",
          "integrity": "sha1-NWnt6Lo0MV+rmcPpLLBMciDeH6g="
        }
      }
    },
    "readable-stream": {
      "version": "1.0.31",
      "resolved": "http://registry.npmjs.org/readable-stream/-/readable-stream-1.0.31.tgz",
      "integrity": "sha1-jyUC4LyeOw2huUUgqrtOJgPsr64=",
      "requires": {
        "core-util-is": "~1.0.0",
        "inherits": "~2.0.1",
        "isarray": "0.0.1",
        "string_decoder": "~0.10.x"
      }
    },
    "readdirp": {
      "version": "0.2.5",
      "resolved": "http://registry.npmjs.org/readdirp/-/readdirp-0.2.5.tgz",
      "integrity": "sha1-xMJ25Sl3riXbUZH+UdAIVQ8V2bs=",
      "requires": {
        "minimatch": ">=0.2.4"
      }
    },
    "regexp-clone": {
      "version": "0.0.1",
      "resolved": "https://registry.npmjs.org/regexp-clone/-/regexp-clone-0.0.1.tgz",
      "integrity": "sha1-p8LgmJH9vzj7sQ03b7cwA+aKxYk="
    },
    "request": {
      "version": "2.74.0",
      "resolved": "http://registry.npmjs.org/request/-/request-2.74.0.tgz",
      "integrity": "sha1-dpPKdou7DqXIzgjAhKRe+gW4kqs=",
      "requires": {
        "aws-sign2": "~0.6.0",
        "aws4": "^1.2.1",
        "bl": "~1.1.2",
        "caseless": "~0.11.0",
        "combined-stream": "~1.0.5",
        "extend": "~3.0.0",
        "forever-agent": "~0.6.1",
        "form-data": "~1.0.0-rc4",
        "har-validator": "~2.0.6",
        "hawk": "~3.1.3",
        "http-signature": "~1.1.0",
        "is-typedarray": "~1.0.0",
        "isstream": "~0.1.2",
        "json-stringify-safe": "~5.0.1",
        "mime-types": "~2.1.7",
        "node-uuid": "~1.4.7",
        "oauth-sign": "~0.8.1",
        "qs": "~6.2.0",
        "stringstream": "~0.0.4",
        "tough-cookie": "~2.3.0",
        "tunnel-agent": "~0.4.1"
      },
      "dependencies": {
        "qs": {
          "version": "6.2.3",
          "resolved": "https://registry.npmjs.org/qs/-/qs-6.2.3.tgz",
          "integrity": "sha1-HPyyXBCpsrSDBT/zn138kjOQjP4="
        }
      }
    },
    "safer-buffer": {
      "version": "2.1.2",
      "resolved": "https://registry.npmjs.org/safer-buffer/-/safer-buffer-2.1.2.tgz",
      "integrity": "sha512-YZo3K82SD7Riyi0E1EQPojLz7kpepnSQI9IyPbHHg1XXXevb5dJI7tpyN2ADxGcQbHG7vcyRHk0cbwqcQriUtg=="
    },
    "send": {
      "version": "0.1.4",
      "resolved": "https://registry.npmjs.org/send/-/send-0.1.4.tgz",
      "integrity": "sha1-vnDY0b4B3mGCGvE3gLUDRaT3Gr0=",
      "requires": {
        "debug": "*",
        "fresh": "0.2.0",
        "mime": "~1.2.9",
        "range-parser": "0.0.4"
      }
    },
    "serve-static": {
      "version": "1.1.0",
      "resolved": "https://registry.npmjs.org/serve-static/-/serve-static-1.1.0.tgz",
      "integrity": "sha1-RU36Bbs93U5wGokVuDoniqkcVkM=",
      "requires": {
        "parseurl": "1.0.1",
        "send": "0.3.0"
      },
      "dependencies": {
        "debug": {
          "version": "0.8.0",
          "resolved": "http://registry.npmjs.org/debug/-/debug-0.8.0.tgz",
          "integrity": "sha1-BUHqkfDlA/3wxe7UGKMlUCNJZ/A="
        },
        "fresh": {
          "version": "0.2.4",
          "resolved": "https://registry.npmjs.org/fresh/-/fresh-0.2.4.tgz",
          "integrity": "sha1-NYJJkgbJcjcUGQ7ddLRgT+tKYUw="
        },
        "range-parser": {
          "version": "1.0.3",
          "resolved": "https://registry.npmjs.org/range-parser/-/range-parser-1.0.3.tgz",
          "integrity": "sha1-aHKCNTXGkuLCoBA4Jq/YLC4P8XU="
        },
        "send": {
          "version": "0.3.0",
          "resolved": "https://registry.npmjs.org/send/-/send-0.3.0.tgz",
          "integrity": "sha1-lxgyRjSAb8dbxPj15R9X2dZmBuc=",
          "requires": {
            "buffer-crc32": "0.2.1",
            "debug": "0.8.0",
            "fresh": "~0.2.1",
            "mime": "1.2.11",
            "range-parser": "~1.0.0"
          }
        }
      }
    },
    "sigmund": {
      "version": "1.0.1",
      "resolved": "https://registry.npmjs.org/sigmund/-/sigmund-1.0.1.tgz",
      "integrity": "sha1-P/IfGYytIXX587eBhT/ZTQ0ZtZA="
    },
    "sliced": {
      "version": "0.0.5",
      "resolved": "https://registry.npmjs.org/sliced/-/sliced-0.0.5.tgz",
      "integrity": "sha1-XtwETKTrb3gW1Qui/GPiXY/kcH8="
    },
    "sntp": {
      "version": "1.0.9",
      "resolved": "http://registry.npmjs.org/sntp/-/sntp-1.0.9.tgz",
      "integrity": "sha1-ZUEYTMkK7qbG57NeJlkIJEPGYZg=",
      "requires": {
        "hoek": "2.x.x"
      }
    },
    "source-map": {
      "version": "0.1.34",
      "resolved": "http://registry.npmjs.org/source-map/-/source-map-0.1.34.tgz",
      "integrity": "sha1-p8/omux7FoLDsZjQrPtH19CQVms=",
      "requires": {
        "amdefine": ">=0.0.4"
      }
    },
    "sshpk": {
      "version": "1.15.2",
      "resolved": "https://registry.npmjs.org/sshpk/-/sshpk-1.15.2.tgz",
      "integrity": "sha512-Ra/OXQtuh0/enyl4ETZAfTaeksa6BXks5ZcjpSUNrjBr0DvrJKX+1fsKDPpT9TBXgHAFsa4510aNVgI8g/+SzA==",
      "requires": {
        "asn1": "~0.2.3",
        "assert-plus": "^1.0.0",
        "bcrypt-pbkdf": "^1.0.0",
        "dashdash": "^1.12.0",
        "ecc-jsbn": "~0.1.1",
        "getpass": "^0.1.1",
        "jsbn": "~0.1.0",
        "safer-buffer": "^2.0.2",
        "tweetnacl": "~0.14.0"
      },
      "dependencies": {
        "assert-plus": {
          "version": "1.0.0",
          "resolved": "https://registry.npmjs.org/assert-plus/-/assert-plus-1.0.0.tgz",
          "integrity": "sha1-8S4PPF13sLHN2RRpQuTpbB5N1SU="
        }
      }
    },
    "static-favicon": {
      "version": "1.0.2",
      "resolved": "https://registry.npmjs.org/static-favicon/-/static-favicon-1.0.2.tgz",
      "integrity": "sha1-fBWSDdor8z9BSw5grrvWXN0qHS8="
    },
    "string_decoder": {
      "version": "0.10.31",
      "resolved": "https://registry.npmjs.org/string_decoder/-/string_decoder-0.10.31.tgz",
      "integrity": "sha1-YuIDvEF2bGwoyfyEMB2rHFMQ+pQ="
    },
    "stringstream": {
      "version": "0.0.6",
      "resolved": "https://registry.npmjs.org/stringstream/-/stringstream-0.0.6.tgz",
      "integrity": "sha512-87GEBAkegbBcweToUrdzf3eLhWNg06FJTebl4BVJz/JgWy8CvEr9dRtX5qWphiynMSQlxxi+QqN0z5T32SLlhA=="
    },
    "strip-ansi": {
      "version": "3.0.1",
      "resolved": "http://registry.npmjs.org/strip-ansi/-/strip-ansi-3.0.1.tgz",
      "integrity": "sha1-ajhfuIU9lS1f8F0Oiq+UJ43GPc8=",
      "requires": {
        "ansi-regex": "^2.0.0"
      }
    },
    "supports-color": {
      "version": "2.0.0",
      "resolved": "https://registry.npmjs.org/supports-color/-/supports-color-2.0.0.tgz",
      "integrity": "sha1-U10EXOa2Nj+kARcIRimZXp3zJMc="
    },
    "test": {
      "version": "0.6.0",
      "resolved": "https://registry.npmjs.org/test/-/test-0.6.0.tgz",
      "integrity": "sha1-WYasRF7Bd1QyJRLRBLoyyKY+k44=",
      "requires": {
        "ansi-font": "0.0.2"
      }
    },
    "tough-cookie": {
      "version": "2.3.4",
      "resolved": "https://registry.npmjs.org/tough-cookie/-/tough-cookie-2.3.4.tgz",
      "integrity": "sha512-TZ6TTfI5NtZnuyy/Kecv+CnoROnyXn2DN97LontgQpCwsX2XyLYCC0ENhYkehSOwAp8rTQKc/NUIF7BkQ5rKLA==",
      "requires": {
        "punycode": "^1.4.1"
      }
    },
    "transformers": {
      "version": "2.1.0",
      "resolved": "https://registry.npmjs.org/transformers/-/transformers-2.1.0.tgz",
      "integrity": "sha1-XSPLNVYd2F3Gf7hIIwm0fVPM6ac=",
      "requires": {
        "css": "~1.0.8",
        "promise": "~2.0",
        "uglify-js": "~2.2.5"
      },
      "dependencies": {
        "uglify-js": {
          "version": "2.2.5",
          "resolved": "http://registry.npmjs.org/uglify-js/-/uglify-js-2.2.5.tgz",
          "integrity": "sha1-puAqcNg5eSuXgEiLe4sYTAlcmcc=",
          "requires": {
            "optimist": "~0.3.5",
            "source-map": "~0.1.7"
          }
        }
      }
    },
    "tunnel-agent": {
      "version": "0.4.3",
      "resolved": "https://registry.npmjs.org/tunnel-agent/-/tunnel-agent-0.4.3.tgz",
      "integrity": "sha1-Y3PbdpCf5XDgjXNYM2Xtgop07us="
    },
    "tweetnacl": {
      "version": "0.14.5",
      "resolved": "https://registry.npmjs.org/tweetnacl/-/tweetnacl-0.14.5.tgz",
      "integrity": "sha1-WuaBd/GS1EViadEIr6k/+HQ/T2Q="
    },
    "type-is": {
      "version": "1.1.0",
      "resolved": "https://registry.npmjs.org/type-is/-/type-is-1.1.0.tgz",
      "integrity": "sha1-0CReyLJnZmjVndDPMlUGBnalfbY=",
      "requires": {
        "mime": "~1.2.11"
      }
    },
    "uglify-js": {
      "version": "2.4.24",
      "resolved": "http://registry.npmjs.org/uglify-js/-/uglify-js-2.4.24.tgz",
      "integrity": "sha1-+tV1XB4Vd2WLsG/5q25UjJW+vW4=",
      "requires": {
        "async": "~0.2.6",
        "source-map": "0.1.34",
        "uglify-to-browserify": "~1.0.0",
        "yargs": "~3.5.4"
      },
      "dependencies": {
        "async": {
          "version": "0.2.10",
          "resolved": "http://registry.npmjs.org/async/-/async-0.2.10.tgz",
          "integrity": "sha1-trvgsGdLnXGXCMo43owjfLUmw9E="
        }
      }
    },
    "uglify-to-browserify": {
      "version": "1.0.2",
      "resolved": "https://registry.npmjs.org/uglify-to-browserify/-/uglify-to-browserify-1.0.2.tgz",
      "integrity": "sha1-bgkk1r2mta/jSeOabWMoUKD4grc="
    },
    "uid2": {
      "version": "0.0.2",
      "resolved": "https://registry.npmjs.org/uid2/-/uid2-0.0.2.tgz",
      "integrity": "sha1-EH+xVcgsETZiB5ftTIjPKwj2qrg="
    },
    "util-deprecate": {
      "version": "1.0.2",
      "resolved": "https://registry.npmjs.org/util-deprecate/-/util-deprecate-1.0.2.tgz",
      "integrity": "sha1-RQ1Nyfpw3nMnYvvS1KKJgUGaDM8="
    },
    "utils-merge": {
      "version": "1.0.0",
      "resolved": "https://registry.npmjs.org/utils-merge/-/utils-merge-1.0.0.tgz",
      "integrity": "sha1-ApT7kiu5N1FTVBxPcJYjHyh8ivg="
    },
    "verror": {
      "version": "1.10.0",
      "resolved": "https://registry.npmjs.org/verror/-/verror-1.10.0.tgz",
      "integrity": "sha1-OhBcoXBTr1XW4nDB+CiGguGNpAA=",
      "requires": {
        "assert-plus": "^1.0.0",
        "core-util-is": "1.0.2",
        "extsprintf": "^1.2.0"
      },
      "dependencies": {
        "assert-plus": {
          "version": "1.0.0",
          "resolved": "https://registry.npmjs.org/assert-plus/-/assert-plus-1.0.0.tgz",
          "integrity": "sha1-8S4PPF13sLHN2RRpQuTpbB5N1SU="
        }
      }
    },
    "window-size": {
      "version": "0.1.0",
      "resolved": "https://registry.npmjs.org/window-size/-/window-size-0.1.0.tgz",
      "integrity": "sha1-VDjNLqk7IC76Ohn+iIeu58lPnJ0="
    },
    "with": {
      "version": "3.0.1",
      "resolved": "https://registry.npmjs.org/with/-/with-3.0.1.tgz",
      "integrity": "sha1-CDVNpBAkPPYXP7FCuwTmxm+W+FQ=",
      "requires": {
        "uglify-js": "~2.4.12"
      }
    },
    "wordwrap": {
      "version": "0.0.2",
      "resolved": "https://registry.npmjs.org/wordwrap/-/wordwrap-0.0.2.tgz",
      "integrity": "sha1-t5Zpu0LstAn4PVg8rVLKF+qhZD8="
    },
    "xtend": {
      "version": "4.0.1",
      "resolved": "https://registry.npmjs.org/xtend/-/xtend-4.0.1.tgz",
      "integrity": "sha1-pcbVMr5lbiPbgg77lDofBJmNY68="
    },
    "yargs": {
      "version": "3.5.4",
      "resolved": "http://registry.npmjs.org/yargs/-/yargs-3.5.4.tgz",
      "integrity": "sha1-2K/49mXpTDS9JZvevRv68N3TU2E=",
      "requires": {
        "camelcase": "^1.0.2",
        "decamelize": "^1.0.0",
        "window-size": "0.1.0",
        "wordwrap": "0.0.2"
      }
    }
  }
}
